
Microsoft Visual Studio Solution File, Format Version 12.00
# Visual Studio Version 17
VisualStudioVersion = 17.4.33103.184
MinimumVisualStudioVersion = 10.0.40219.1
Project("{8BC9CEB8-8B4A-11D0-8D11-00A0C91BC942}") = "lab_chm_3", "lab_chm_3.vcxproj", "{2251CFF1-2F22-4174-A783-AB83C2ACBC3B}"
EndProject
Global
	GlobalSection(SolutionConfigurationPlatforms) = preSolution
		Debug|x64 = Debug|x64
		Release|x64 = Release|x64
	EndGlobalSection
	GlobalSection(ProjectConfigurationPlatforms) = postSolution
		{2251CFF1-2F22-4174-A783-AB83C2ACBC3B}.Debug|x64.ActiveCfg = Debug|x64
		{2251CFF1-2F22-4174-A783-AB83C2ACBC3B}.Debug|x64.Build.0 = Debug|x64
		{2251CFF1-2F22-4174-A783-AB83C2ACBC3B}.Release|x64.ActiveCfg = Release|x64
		{2251CFF1-2F22-4174-A783-AB83C2ACBC3B}.Release|x64.Build.0 = Release|x64
	EndGlobalSection
	GlobalSection(SolutionProperties) = preSolution
		HideSolutionNode = FALSE
	EndGlobalSection
	GlobalSection(ExtensibilityGlobals) = postSolution
		SolutionGuid = {FBFD53A9-C4B1-429B-A442-987BEF7A75B9}
	EndGlobalSection
EndGlobal
